{
  "name": "baseline-browser-mapping",
  "version": "2.1.0",
  "lockfileVersion": 3,
  "requires": true,
  "packages": {
    "": {
      "name": "baseline-browser-mapping",
      "version": "2.1.0",
      "license": "Apache-2.0",
      "dependencies": {
        "@mdn/browser-compat-data": "latest",
        "web-features": "*"
      },
      "devDependencies": {
        "@types/node": "^22.13.5",
        "prettier": "^3.5.3",
        "typescript": "^5.7.2"
      }
    },
    "node_modules/@mdn/browser-compat-data": {
      "version": "6.0.1",
      "resolved": "https://registry.npmjs.org/@mdn/browser-compat-data/-/browser-compat-data-6.0.1.tgz",
      "integrity": "sha512-vyjFN6B6xieb3nvpY3hOy7Io9nIq36i7N2KF5MnjLxB5O3jJaIF/qV4CVqzdqeAFMghXWegNI5Fd0BsvuSX2NA==",
      "license": "CC0-1.0"
    },
    "node_modules/@types/node": {
      "version": "22.13.14",
      "resolved": "https://registry.npmjs.org/@types/node/-/node-22.13.14.tgz",
      "integrity": "sha512-Zs/Ollc1SJ8nKUAgc7ivOEdIBM8JAKgrqqUYi2J997JuKO7/tpQC+WCetQ1sypiKCQWHdvdg9wBNpUPEWZae7w==",
      "dev": true,
      "license": "MIT",
      "dependencies": {
        "undici-types": "~6.20.0"
      }
    },
    "node_modules/prettier": {
      "version": "3.5.3",
      "resolved": "https://registry.npmjs.org/prettier/-/prettier-3.5.3.tgz",
      "integrity": "sha512-QQtaxnoDJeAkDvDKWCLiwIXkTgRhwYDEQCghU9Z6q03iyek/rxRh/2lC3HB7P8sWT2xC/y5JDctPLBIGzHKbhw==",
      "dev": true,
      "license": "MIT",
      "bin": {
        "prettier": "bin/prettier.cjs"
      },
      "engines": {
        "node": ">=14"
      },
      "funding": {
        "url": "https://github.com/prettier/prettier?sponsor=1"
      }
    },
    "node_modules/typescript": {
      "version": "5.8.2",
      "resolved": "https://registry.npmjs.org/typescript/-/typescript-5.8.2.tgz",
      "integrity": "sha512-aJn6wq13/afZp/jT9QZmwEjDqqvSGp1VT5GVg+f/t6/oVyrgXM6BY1h9BRh/O5p3PlUPAe+WuiEZOmb/49RqoQ==",
      "dev": true,
      "license": "Apache-2.0",
      "bin": {
        "tsc": "bin/tsc",
        "tsserver": "bin/tsserver"
      },
      "engines": {
        "node": ">=14.17"
      }
    },
    "node_modules/undici-types": {
      "version": "6.20.0",
      "resolved": "https://registry.npmjs.org/undici-types/-/undici-types-6.20.0.tgz",
      "integrity": "sha512-Ny6QZ2Nju20vw1SRHe3d9jVu6gJ+4e3+MMpqu7pqE5HT6WsTSlce++GQmK5UXS8mzV8DSYHrQH+Xrf2jVcuKNg==",
      "dev": true,
      "license": "MIT"
    },
    "node_modules/web-features": {
      "version": "2.27.0",
      "resolved": "https://registry.npmjs.org/web-features/-/web-features-2.27.0.tgz",
      "integrity": "sha512-UYYI4SNlOA5fh8II+afYb3p8avvzmrwbmCa9qMlhZemq5wd7tUOJSVFpy1kaNtKcnFVDb2SV1ywBWJavwOYioQ==",
      "license": "Apache-2.0"
    }
  }
}
