{
  "name": "baseline-browser-mapping",
  "version": "2.4.5",
  "lockfileVersion": 3,
  "requires": true,
  "packages": {
    "": {
      "name": "baseline-browser-mapping",
      "version": "2.4.5",
      "license": "Apache-2.0",
      "dependencies": {
        "@mdn/browser-compat-data": "^6.0.15",
        "web-features": "^2.35.1"
      },
      "devDependencies": {
        "@types/node": "^24.0.7",
        "prettier": "^3.5.3",
        "typescript": "^5.7.2"
      }
    },
    "node_modules/@mdn/browser-compat-data": {
      "version": "6.0.19",
      "resolved": "https://registry.npmjs.org/@mdn/browser-compat-data/-/browser-compat-data-6.0.19.tgz",
      "integrity": "sha512-P7e+M/HI9LKUEWIMkBzHY9RzsghjfLvz7an7maknAoaDlAjxj1Hnw8uTRyP5b5YAOMWZRaBDYJLDlsyfllP22A==",
      "license": "CC0-1.0"
    },
    "node_modules/@types/node": {
      "version": "24.0.7",
      "resolved": "https://registry.npmjs.org/@types/node/-/node-24.0.7.tgz",
      "integrity": "sha512-YIEUUr4yf8q8oQoXPpSlnvKNVKDQlPMWrmOcgzoduo7kvA2UF0/BwJ/eMKFTiTtkNL17I0M6Xe2tvwFU7be6iw==",
      "dev": true,
      "dependencies": {
        "undici-types": "~7.8.0"
      }
    },
    "node_modules/prettier": {
      "version": "3.5.3",
      "resolved": "https://registry.npmjs.org/prettier/-/prettier-3.5.3.tgz",
      "integrity": "sha512-QQtaxnoDJeAkDvDKWCLiwIXkTgRhwYDEQCghU9Z6q03iyek/rxRh/2lC3HB7P8sWT2xC/y5JDctPLBIGzHKbhw==",
      "dev": true,
      "license": "MIT",
      "bin": {
        "prettier": "bin/prettier.cjs"
      },
      "engines": {
        "node": ">=14"
      },
      "funding": {
        "url": "https://github.com/prettier/prettier?sponsor=1"
      }
    },
    "node_modules/typescript": {
      "version": "5.8.3",
      "resolved": "https://registry.npmjs.org/typescript/-/typescript-5.8.3.tgz",
      "integrity": "sha512-p1diW6TqL9L07nNxvRMM7hMMw4c5XOo/1ibL4aAIGmSAt9slTE1Xgw5KWuof2uTOvCg9BY7ZRi+GaF+7sfgPeQ==",
      "dev": true,
      "license": "Apache-2.0",
      "bin": {
        "tsc": "bin/tsc",
        "tsserver": "bin/tsserver"
      },
      "engines": {
        "node": ">=14.17"
      }
    },
    "node_modules/undici-types": {
      "version": "7.8.0",
      "resolved": "https://registry.npmjs.org/undici-types/-/undici-types-7.8.0.tgz",
      "integrity": "sha512-9UJ2xGDvQ43tYyVMpuHlsgApydB8ZKfVYTsLDhXkFL/6gfkp+U8xTGdh8pMJv1SpZna0zxG1DwsKZsreLbXBxw==",
      "dev": true
    },
    "node_modules/web-features": {
      "version": "2.36.1",
      "resolved": "https://registry.npmjs.org/web-features/-/web-features-2.36.1.tgz",
      "integrity": "sha512-eAMg2v4XOJIZZgGx1tEK+9SUJvNMWq8UPLQNHK7bR8L5vMQuOq6jJ4a4L/FLJqOEUaOAJj/yjegPxhUwLklywA==",
      "license": "Apache-2.0"
    }
  }
}
