{
  "name": "baseline-browser-mapping",
  "version": "2.4.0",
  "lockfileVersion": 3,
  "requires": true,
  "packages": {
    "": {
      "name": "baseline-browser-mapping",
      "version": "2.4.0",
      "license": "Apache-2.0",
      "dependencies": {
        "@mdn/browser-compat-data": "^6.0.13",
        "web-features": "^2.34.2"
      },
      "devDependencies": {
        "@types/node": "^22.15.17",
        "prettier": "^3.5.3",
        "typescript": "^5.7.2"
      }
    },
    "node_modules/@mdn/browser-compat-data": {
      "version": "6.0.13",
      "resolved": "https://registry.npmjs.org/@mdn/browser-compat-data/-/browser-compat-data-6.0.13.tgz",
      "integrity": "sha512-RSYYaex/5lC4mim5pMTKHxfSpWf7Oc4r8Vk4exFVvt/KzIj7GacXAiYu5WfGnIWrBaa0KaSPda7oanQiFwjbeg==",
      "license": "CC0-1.0"
    },
    "node_modules/@types/node": {
      "version": "22.15.17",
      "resolved": "https://registry.npmjs.org/@types/node/-/node-22.15.17.tgz",
      "integrity": "sha512-wIX2aSZL5FE+MR0JlvF87BNVrtFWf6AE6rxSE9X7OwnVvoyCQjpzSRJ+M87se/4QCkCiebQAqrJ0y6fwIyi7nw==",
      "dev": true,
      "license": "MIT",
      "dependencies": {
        "undici-types": "~6.21.0"
      }
    },
    "node_modules/prettier": {
      "version": "3.5.3",
      "resolved": "https://registry.npmjs.org/prettier/-/prettier-3.5.3.tgz",
      "integrity": "sha512-QQtaxnoDJeAkDvDKWCLiwIXkTgRhwYDEQCghU9Z6q03iyek/rxRh/2lC3HB7P8sWT2xC/y5JDctPLBIGzHKbhw==",
      "dev": true,
      "license": "MIT",
      "bin": {
        "prettier": "bin/prettier.cjs"
      },
      "engines": {
        "node": ">=14"
      },
      "funding": {
        "url": "https://github.com/prettier/prettier?sponsor=1"
      }
    },
    "node_modules/typescript": {
      "version": "5.8.3",
      "resolved": "https://registry.npmjs.org/typescript/-/typescript-5.8.3.tgz",
      "integrity": "sha512-p1diW6TqL9L07nNxvRMM7hMMw4c5XOo/1ibL4aAIGmSAt9slTE1Xgw5KWuof2uTOvCg9BY7ZRi+GaF+7sfgPeQ==",
      "dev": true,
      "license": "Apache-2.0",
      "bin": {
        "tsc": "bin/tsc",
        "tsserver": "bin/tsserver"
      },
      "engines": {
        "node": ">=14.17"
      }
    },
    "node_modules/undici-types": {
      "version": "6.21.0",
      "resolved": "https://registry.npmjs.org/undici-types/-/undici-types-6.21.0.tgz",
      "integrity": "sha512-iwDZqg0QAGrg9Rav5H4n0M64c3mkR59cJ6wQp+7C4nI0gsmExaedaYLNO44eT4AtBBwjbTiGPMlt2Md0T9H9JQ==",
      "dev": true,
      "license": "MIT"
    },
    "node_modules/web-features": {
      "version": "2.34.2",
      "resolved": "https://registry.npmjs.org/web-features/-/web-features-2.34.2.tgz",
      "integrity": "sha512-OhPNkoNZYxfykP82LwJmpAXZHiO6eojkj9ZgDKB/u16i1rtoSZSzdgXjjTZI/gtTpZo5nuZNyDAZcNESJNylDg==",
      "license": "Apache-2.0"
    }
  }
}
